
Microsoft Visual Studio Solution File, Format Version 12.00
Project("{FAE04EC0-301F-11D3-BF4B-00C04F79EFBC}") = "Server", "Server\Server.csproj", "{0380E261-E60A-4286-9820-2F1E8FA1C527}"
EndProject
Project("{FAE04EC0-301F-11D3-BF4B-00C04F79EFBC}") = "Client", "Client\Client.csproj", "{EF9A0153-2498-4610-8FFD-256F29A3B0C0}"
EndProject
Global
	GlobalSection(SolutionConfigurationPlatforms) = preSolution
		Debug|Any CPU = Debug|Any CPU
		Release|Any CPU = Release|Any CPU
	EndGlobalSection
	GlobalSection(ProjectConfigurationPlatforms) = postSolution
		{0380E261-E60A-4286-9820-2F1E8FA1C527}.Debug|Any CPU.ActiveCfg = Debug|Any CPU
		{0380E261-E60A-4286-9820-2F1E8FA1C527}.Debug|Any CPU.Build.0 = Debug|Any CPU
		{0380E261-E60A-4286-9820-2F1E8FA1C527}.Release|Any CPU.ActiveCfg = Release|Any CPU
		{0380E261-E60A-4286-9820-2F1E8FA1C527}.Release|Any CPU.Build.0 = Release|Any CPU
		{EF9A0153-2498-4610-8FFD-256F29A3B0C0}.Debug|Any CPU.ActiveCfg = Debug|Any CPU
		{EF9A0153-2498-4610-8FFD-256F29A3B0C0}.Debug|Any CPU.Build.0 = Debug|Any CPU
		{EF9A0153-2498-4610-8FFD-256F29A3B0C0}.Release|Any CPU.ActiveCfg = Release|Any CPU
		{EF9A0153-2498-4610-8FFD-256F29A3B0C0}.Release|Any CPU.Build.0 = Release|Any CPU
	EndGlobalSection
EndGlobal
